
Microsoft Visual Studio Solution File, Format Version 12.00
# Visual Studio 2015
Project("{FAE04EC0-301F-11D3-BF4B-00C04F79EFBC}") = "codename_galvins.Plugins", "codename_galvins.Plugins.csproj", "{9DA758F5-0D0C-78E4-EFE7-39423605FC1D}"
EndProject
Project("{FAE04EC0-301F-11D3-BF4B-00C04F79EFBC}") = "codename_galvins", "codename_galvins.csproj", "{5EBE513F-DE71-6930-FA7F-CC6F06CE1E59}"
EndProject
Project("{FAE04EC0-301F-11D3-BF4B-00C04F79EFBC}") = "codename_galvins.Editor.Plugins", "codename_galvins.Editor.Plugins.csproj", "{C57E379C-88A1-9B0C-2703-61834672B1C4}"
EndProject
Project("{FAE04EC0-301F-11D3-BF4B-00C04F79EFBC}") = "codename_galvins.Editor", "codename_galvins.Editor.csproj", "{FC568359-D205-AEB5-827B-C8DA92D75900}"
EndProject
Global
	GlobalSection(SolutionConfigurationPlatforms) = preSolution
		Debug|Any CPU = Debug|Any CPU
		Release|Any CPU = Release|Any CPU
	EndGlobalSection
	GlobalSection(ProjectConfigurationPlatforms) = postSolution
		{9DA758F5-0D0C-78E4-EFE7-39423605FC1D}.Debug|Any CPU.ActiveCfg = Debug|Any CPU
		{9DA758F5-0D0C-78E4-EFE7-39423605FC1D}.Debug|Any CPU.Build.0 = Debug|Any CPU
		{9DA758F5-0D0C-78E4-EFE7-39423605FC1D}.Release|Any CPU.ActiveCfg = Release|Any CPU
		{9DA758F5-0D0C-78E4-EFE7-39423605FC1D}.Release|Any CPU.Build.0 = Release|Any CPU
		{5EBE513F-DE71-6930-FA7F-CC6F06CE1E59}.Debug|Any CPU.ActiveCfg = Debug|Any CPU
		{5EBE513F-DE71-6930-FA7F-CC6F06CE1E59}.Debug|Any CPU.Build.0 = Debug|Any CPU
		{5EBE513F-DE71-6930-FA7F-CC6F06CE1E59}.Release|Any CPU.ActiveCfg = Release|Any CPU
		{5EBE513F-DE71-6930-FA7F-CC6F06CE1E59}.Release|Any CPU.Build.0 = Release|Any CPU
		{C57E379C-88A1-9B0C-2703-61834672B1C4}.Debug|Any CPU.ActiveCfg = Debug|Any CPU
		{C57E379C-88A1-9B0C-2703-61834672B1C4}.Debug|Any CPU.Build.0 = Debug|Any CPU
		{C57E379C-88A1-9B0C-2703-61834672B1C4}.Release|Any CPU.ActiveCfg = Release|Any CPU
		{C57E379C-88A1-9B0C-2703-61834672B1C4}.Release|Any CPU.Build.0 = Release|Any CPU
		{FC568359-D205-AEB5-827B-C8DA92D75900}.Debug|Any CPU.ActiveCfg = Debug|Any CPU
		{FC568359-D205-AEB5-827B-C8DA92D75900}.Debug|Any CPU.Build.0 = Debug|Any CPU
		{FC568359-D205-AEB5-827B-C8DA92D75900}.Release|Any CPU.ActiveCfg = Release|Any CPU
		{FC568359-D205-AEB5-827B-C8DA92D75900}.Release|Any CPU.Build.0 = Release|Any CPU
	EndGlobalSection
	GlobalSection(SolutionProperties) = preSolution
		HideSolutionNode = FALSE
	EndGlobalSection
EndGlobal
